{
  "name": "brothers-weekly",
  "version": "1.0.0",
  "lockfileVersion": 1,
  "requires": true,
  "dependencies": {
    "client-sessions": {
      "version": "0.8.0",
      "resolved": "https://artifactory.spotify.net/artifactory/api/npm/virtual-npm/client-sessions/-/client-sessions-0.8.0.tgz",
      "integrity": "sha1-p9jFVYrV1W8qGZ81M+tlS134k/0=",
      "requires": {
        "cookies": "^0.7.0"
      }
    },
    "cookies": {
      "version": "0.7.3",
      "resolved": "https://artifactory.spotify.net/artifactory/api/npm/virtual-npm/cookies/-/cookies-0.7.3.tgz",
      "integrity": "sha1-eRLOIfvy6MLacM8cPzUa7PWdrfo=",
      "requires": {
        "depd": "~1.1.2",
        "keygrip": "~1.0.3"
      }
    },
    "depd": {
      "version": "1.1.2",
      "resolved": "https://artifactory.spotify.net/artifactory/api/npm/virtual-npm/depd/-/depd-1.1.2.tgz",
      "integrity": "sha1-m81S4UwJd2PnSbJ0xDRu0uVgtak="
    },
    "dotenv": {
      "version": "8.2.0",
      "resolved": "https://artifactory.spotify.net/artifactory/api/npm/virtual-npm/dotenv/-/dotenv-8.2.0.tgz",
      "integrity": "sha1-l+YZJZradQ7qPk6j4mvO6lQksWo="
    },
    "https": {
      "version": "1.0.0",
      "resolved": "https://artifactory.spotify.net/artifactory/api/npm/virtual-npm/https/-/https-1.0.0.tgz",
      "integrity": "sha1-PDfHrhqO65ZpBKKtHpdaGUt+06Q="
    },
    "keygrip": {
      "version": "1.0.3",
      "resolved": "https://artifactory.spotify.net/artifactory/api/npm/virtual-npm/keygrip/-/keygrip-1.0.3.tgz",
      "integrity": "sha1-OZ1wnwrtK6sKBZ4M3TpQI6BT4dw="
    },
    "querystring": {
      "version": "0.2.1",
      "resolved": "https://artifactory.spotify.net/artifactory/api/npm/virtual-npm/querystring/-/querystring-0.2.1.tgz",
      "integrity": "sha1-QNd2FbsJ0WkCqFw+OKqLXtdhwt0="
    }
  }
}
