{
  "name": "brothers-weekly",
  "version": "1.0.0",
  "lockfileVersion": 1,
  "requires": true,
  "dependencies": {
    "dotenv": {
      "version": "8.2.0",
      "resolved": "https://artifactory.spotify.net/artifactory/api/npm/virtual-npm/dotenv/-/dotenv-8.2.0.tgz",
      "integrity": "sha1-l+YZJZradQ7qPk6j4mvO6lQksWo="
    },
    "https": {
      "version": "1.0.0",
      "resolved": "https://artifactory.spotify.net/artifactory/api/npm/virtual-npm/https/-/https-1.0.0.tgz",
      "integrity": "sha1-PDfHrhqO65ZpBKKtHpdaGUt+06Q="
    },
    "querystring": {
      "version": "0.2.1",
      "resolved": "https://artifactory.spotify.net/artifactory/api/npm/virtual-npm/querystring/-/querystring-0.2.1.tgz",
      "integrity": "sha1-QNd2FbsJ0WkCqFw+OKqLXtdhwt0="
    }
  }
}
